{
    "hash": "d2f6e9aec11d7182102c7e7547caf7d2",
    "packages": [
        {
            "package": "EHER/PHPUnit",
            "version": "1.6"
        },
        {
            "package": "andrewsville/php-token-reflection",
            "version": "1.3.0"
        },
        {
            "package": "sphpdox/sphpdox",
            "version": "dev-master",
            "source-reference": "a7a1749b626b3aaf7c8ecc02f1e94c793cf4f941",
            "commit-date": "1343563538"
        },
        {
            "package": "symfony/console",
            "version": "v2.1.1"
        },
        {
            "package": "symfony/finder",
            "version": "v2.1.1"
        },
        {
            "package": "symfony/process",
            "version": "v2.1.1"
        }
    ],
    "packages-dev": null,
    "aliases": [

    ],
    "minimum-stability": "stable",
    "stability-flags": {
        "sphpdox/sphpdox": 20
    }
}
